
Microsoft Visual Studio Solution File, Format Version 12.00
# Visual Studio Version 17
VisualStudioVersion = 17.13.35828.75 d17.13
MinimumVisualStudioVersion = 10.0.40219.1
Project("{8BC9CEB8-8B4A-11D0-8D11-00A0C91BC942}") = "Bai1_D_cdt", "Bai1_D_cdt\Bai1_D_cdt.vcxproj", "{35AB9627-EB9A-400D-812C-5E369379E802}"
EndProject
Project("{8BC9CEB8-8B4A-11D0-8D11-00A0C91BC942}") = "Bai2_D_cdt", "Bai2_D_cdt\Bai2_D_cdt.vcxproj", "{7E161683-4830-4BF3-8A47-5842206224BE}"
EndProject
Project("{8BC9CEB8-8B4A-11D0-8D11-00A0C91BC942}") = "Bai3_D_ql", "Bai3_D_cdt\Bai3_D_cdt.vcxproj", "{4EDC5DDA-BAB2-4DC0-B6EC-26D88A84FB83}"
EndProject
Project("{8BC9CEB8-8B4A-11D0-8D11-00A0C91BC942}") = "Bai4_D_ql_MDT", "Bai4_D_ql_MDT\Bai4_D_ql_MDT.vcxproj", "{A696EBBF-383D-4484-B87F-94B6C6362F7C}"
EndProject
Project("{8BC9CEB8-8B4A-11D0-8D11-00A0C91BC942}") = "Bai1_E_cdt", "Bai1_E_cdt\Bai1_E_cdt.vcxproj", "{03E615EA-7DB4-4C41-B5FA-DAFF791E309D}"
EndProject
Project("{8BC9CEB8-8B4A-11D0-8D11-00A0C91BC942}") = "Bai2_E_LVT", "Bai2_E_LVT\Bai2_E_LVT.vcxproj", "{16894D5B-D8B9-44C9-8CB0-3AE56098D8EC}"
EndProject
Project("{8BC9CEB8-8B4A-11D0-8D11-00A0C91BC942}") = "Bai3_E_LKDDTMT", "Bai3_E_LKDDTMT\Bai3_E_LKDDTMT.vcxproj", "{EE753463-B61A-4D41-B44A-1B7E2226E949}"
EndProject
Project("{8BC9CEB8-8B4A-11D0-8D11-00A0C91BC942}") = "Bai4_E_HTCN", "Bai4_E_HTCN\Bai4_E_HTCN.vcxproj", "{369583DD-8C2E-4D88-A17D-6C9717B0DAFA}"
EndProject
Project("{8BC9CEB8-8B4A-11D0-8D11-00A0C91BC942}") = "Bai5_E_QL", "Bai5_E_QL\Bai5_E_QL.vcxproj", "{764BEAB3-4A2D-4292-AB52-1695875FC18B}"
EndProject
Global
	GlobalSection(SolutionConfigurationPlatforms) = preSolution
		Debug|x64 = Debug|x64
		Debug|x86 = Debug|x86
		Release|x64 = Release|x64
		Release|x86 = Release|x86
	EndGlobalSection
	GlobalSection(ProjectConfigurationPlatforms) = postSolution
		{35AB9627-EB9A-400D-812C-5E369379E802}.Debug|x64.ActiveCfg = Debug|x64
		{35AB9627-EB9A-400D-812C-5E369379E802}.Debug|x64.Build.0 = Debug|x64
		{35AB9627-EB9A-400D-812C-5E369379E802}.Debug|x86.ActiveCfg = Debug|Win32
		{35AB9627-EB9A-400D-812C-5E369379E802}.Debug|x86.Build.0 = Debug|Win32
		{35AB9627-EB9A-400D-812C-5E369379E802}.Release|x64.ActiveCfg = Release|x64
		{35AB9627-EB9A-400D-812C-5E369379E802}.Release|x64.Build.0 = Release|x64
		{35AB9627-EB9A-400D-812C-5E369379E802}.Release|x86.ActiveCfg = Release|Win32
		{35AB9627-EB9A-400D-812C-5E369379E802}.Release|x86.Build.0 = Release|Win32
		{7E161683-4830-4BF3-8A47-5842206224BE}.Debug|x64.ActiveCfg = Debug|x64
		{7E161683-4830-4BF3-8A47-5842206224BE}.Debug|x64.Build.0 = Debug|x64
		{7E161683-4830-4BF3-8A47-5842206224BE}.Debug|x86.ActiveCfg = Debug|Win32
		{7E161683-4830-4BF3-8A47-5842206224BE}.Debug|x86.Build.0 = Debug|Win32
		{7E161683-4830-4BF3-8A47-5842206224BE}.Release|x64.ActiveCfg = Release|x64
		{7E161683-4830-4BF3-8A47-5842206224BE}.Release|x64.Build.0 = Release|x64
		{7E161683-4830-4BF3-8A47-5842206224BE}.Release|x86.ActiveCfg = Release|Win32
		{7E161683-4830-4BF3-8A47-5842206224BE}.Release|x86.Build.0 = Release|Win32
		{4EDC5DDA-BAB2-4DC0-B6EC-26D88A84FB83}.Debug|x64.ActiveCfg = Debug|x64
		{4EDC5DDA-BAB2-4DC0-B6EC-26D88A84FB83}.Debug|x64.Build.0 = Debug|x64
		{4EDC5DDA-BAB2-4DC0-B6EC-26D88A84FB83}.Debug|x86.ActiveCfg = Debug|Win32
		{4EDC5DDA-BAB2-4DC0-B6EC-26D88A84FB83}.Debug|x86.Build.0 = Debug|Win32
		{4EDC5DDA-BAB2-4DC0-B6EC-26D88A84FB83}.Release|x64.ActiveCfg = Release|x64
		{4EDC5DDA-BAB2-4DC0-B6EC-26D88A84FB83}.Release|x64.Build.0 = Release|x64
		{4EDC5DDA-BAB2-4DC0-B6EC-26D88A84FB83}.Release|x86.ActiveCfg = Release|Win32
		{4EDC5DDA-BAB2-4DC0-B6EC-26D88A84FB83}.Release|x86.Build.0 = Release|Win32
		{A696EBBF-383D-4484-B87F-94B6C6362F7C}.Debug|x64.ActiveCfg = Debug|x64
		{A696EBBF-383D-4484-B87F-94B6C6362F7C}.Debug|x64.Build.0 = Debug|x64
		{A696EBBF-383D-4484-B87F-94B6C6362F7C}.Debug|x86.ActiveCfg = Debug|Win32
		{A696EBBF-383D-4484-B87F-94B6C6362F7C}.Debug|x86.Build.0 = Debug|Win32
		{A696EBBF-383D-4484-B87F-94B6C6362F7C}.Release|x64.ActiveCfg = Release|x64
		{A696EBBF-383D-4484-B87F-94B6C6362F7C}.Release|x64.Build.0 = Release|x64
		{A696EBBF-383D-4484-B87F-94B6C6362F7C}.Release|x86.ActiveCfg = Release|Win32
		{A696EBBF-383D-4484-B87F-94B6C6362F7C}.Release|x86.Build.0 = Release|Win32
		{03E615EA-7DB4-4C41-B5FA-DAFF791E309D}.Debug|x64.ActiveCfg = Debug|x64
		{03E615EA-7DB4-4C41-B5FA-DAFF791E309D}.Debug|x64.Build.0 = Debug|x64
		{03E615EA-7DB4-4C41-B5FA-DAFF791E309D}.Debug|x86.ActiveCfg = Debug|Win32
		{03E615EA-7DB4-4C41-B5FA-DAFF791E309D}.Debug|x86.Build.0 = Debug|Win32
		{03E615EA-7DB4-4C41-B5FA-DAFF791E309D}.Release|x64.ActiveCfg = Release|x64
		{03E615EA-7DB4-4C41-B5FA-DAFF791E309D}.Release|x64.Build.0 = Release|x64
		{03E615EA-7DB4-4C41-B5FA-DAFF791E309D}.Release|x86.ActiveCfg = Release|Win32
		{03E615EA-7DB4-4C41-B5FA-DAFF791E309D}.Release|x86.Build.0 = Release|Win32
		{16894D5B-D8B9-44C9-8CB0-3AE56098D8EC}.Debug|x64.ActiveCfg = Debug|x64
		{16894D5B-D8B9-44C9-8CB0-3AE56098D8EC}.Debug|x64.Build.0 = Debug|x64
		{16894D5B-D8B9-44C9-8CB0-3AE56098D8EC}.Debug|x86.ActiveCfg = Debug|Win32
		{16894D5B-D8B9-44C9-8CB0-3AE56098D8EC}.Debug|x86.Build.0 = Debug|Win32
		{16894D5B-D8B9-44C9-8CB0-3AE56098D8EC}.Release|x64.ActiveCfg = Release|x64
		{16894D5B-D8B9-44C9-8CB0-3AE56098D8EC}.Release|x64.Build.0 = Release|x64
		{16894D5B-D8B9-44C9-8CB0-3AE56098D8EC}.Release|x86.ActiveCfg = Release|Win32
		{16894D5B-D8B9-44C9-8CB0-3AE56098D8EC}.Release|x86.Build.0 = Release|Win32
		{EE753463-B61A-4D41-B44A-1B7E2226E949}.Debug|x64.ActiveCfg = Debug|x64
		{EE753463-B61A-4D41-B44A-1B7E2226E949}.Debug|x64.Build.0 = Debug|x64
		{EE753463-B61A-4D41-B44A-1B7E2226E949}.Debug|x86.ActiveCfg = Debug|Win32
		{EE753463-B61A-4D41-B44A-1B7E2226E949}.Debug|x86.Build.0 = Debug|Win32
		{EE753463-B61A-4D41-B44A-1B7E2226E949}.Release|x64.ActiveCfg = Release|x64
		{EE753463-B61A-4D41-B44A-1B7E2226E949}.Release|x64.Build.0 = Release|x64
		{EE753463-B61A-4D41-B44A-1B7E2226E949}.Release|x86.ActiveCfg = Release|Win32
		{EE753463-B61A-4D41-B44A-1B7E2226E949}.Release|x86.Build.0 = Release|Win32
		{369583DD-8C2E-4D88-A17D-6C9717B0DAFA}.Debug|x64.ActiveCfg = Debug|x64
		{369583DD-8C2E-4D88-A17D-6C9717B0DAFA}.Debug|x64.Build.0 = Debug|x64
		{369583DD-8C2E-4D88-A17D-6C9717B0DAFA}.Debug|x86.ActiveCfg = Debug|Win32
		{369583DD-8C2E-4D88-A17D-6C9717B0DAFA}.Debug|x86.Build.0 = Debug|Win32
		{369583DD-8C2E-4D88-A17D-6C9717B0DAFA}.Release|x64.ActiveCfg = Release|x64
		{369583DD-8C2E-4D88-A17D-6C9717B0DAFA}.Release|x64.Build.0 = Release|x64
		{369583DD-8C2E-4D88-A17D-6C9717B0DAFA}.Release|x86.ActiveCfg = Release|Win32
		{369583DD-8C2E-4D88-A17D-6C9717B0DAFA}.Release|x86.Build.0 = Release|Win32
		{764BEAB3-4A2D-4292-AB52-1695875FC18B}.Debug|x64.ActiveCfg = Debug|x64
		{764BEAB3-4A2D-4292-AB52-1695875FC18B}.Debug|x64.Build.0 = Debug|x64
		{764BEAB3-4A2D-4292-AB52-1695875FC18B}.Debug|x86.ActiveCfg = Debug|Win32
		{764BEAB3-4A2D-4292-AB52-1695875FC18B}.Debug|x86.Build.0 = Debug|Win32
		{764BEAB3-4A2D-4292-AB52-1695875FC18B}.Release|x64.ActiveCfg = Release|x64
		{764BEAB3-4A2D-4292-AB52-1695875FC18B}.Release|x64.Build.0 = Release|x64
		{764BEAB3-4A2D-4292-AB52-1695875FC18B}.Release|x86.ActiveCfg = Release|Win32
		{764BEAB3-4A2D-4292-AB52-1695875FC18B}.Release|x86.Build.0 = Release|Win32
	EndGlobalSection
	GlobalSection(SolutionProperties) = preSolution
		HideSolutionNode = FALSE
	EndGlobalSection
	GlobalSection(ExtensibilityGlobals) = postSolution
		SolutionGuid = {A9F02283-84E9-4C49-BBC3-AF41D1F97D80}
	EndGlobalSection
EndGlobal
