
Microsoft Visual Studio Solution File, Format Version 12.00
# Visual Studio Version 17
VisualStudioVersion = 17.13.35828.75 d17.13
MinimumVisualStudioVersion = 10.0.40219.1
Project("{FAE04EC0-301F-11D3-BF4B-00C04F79EFBC}") = "OnTap_CTDL_GT", "OnTap_CTDL_GT\OnTap_CTDL_GT.csproj", "{D28FFEB8-8881-4515-96F3-026374C9DC55}"
EndProject
Global
	GlobalSection(SolutionConfigurationPlatforms) = preSolution
		Debug|Any CPU = Debug|Any CPU
		Release|Any CPU = Release|Any CPU
	EndGlobalSection
	GlobalSection(ProjectConfigurationPlatforms) = postSolution
		{D28FFEB8-8881-4515-96F3-026374C9DC55}.Debug|Any CPU.ActiveCfg = Debug|Any CPU
		{D28FFEB8-8881-4515-96F3-026374C9DC55}.Debug|Any CPU.Build.0 = Debug|Any CPU
		{D28FFEB8-8881-4515-96F3-026374C9DC55}.Release|Any CPU.ActiveCfg = Release|Any CPU
		{D28FFEB8-8881-4515-96F3-026374C9DC55}.Release|Any CPU.Build.0 = Release|Any CPU
	EndGlobalSection
	GlobalSection(SolutionProperties) = preSolution
		HideSolutionNode = FALSE
	EndGlobalSection
	GlobalSection(ExtensibilityGlobals) = postSolution
		SolutionGuid = {1684810B-52BB-4B6A-8000-9D8980BE4C80}
	EndGlobalSection
EndGlobal
